
Microsoft Visual Studio Solution File, Format Version 12.00
# Visual Studio Version 17
VisualStudioVersion = 17.3.32929.385
MinimumVisualStudioVersion = 10.0.40219.1
Project("{9A19103F-16F7-4668-BE54-9A1E7A4F7556}") = "Html.Parser.App", "Html.Parser.App.csproj", "{E9ED200E-FD34-46EF-9A72-801D553304E2}"
EndProject
Project("{9A19103F-16F7-4668-BE54-9A1E7A4F7556}") = "Web.Html.Parser.App", "..\Web.Html.Parser.App\Web.Html.Parser.App.csproj", "{9893BA19-822A-47AB-A1EC-1335AF368BA8}"
EndProject
Global
	GlobalSection(SolutionConfigurationPlatforms) = preSolution
		Debug|Any CPU = Debug|Any CPU
		Release|Any CPU = Release|Any CPU
	EndGlobalSection
	GlobalSection(ProjectConfigurationPlatforms) = postSolution
		{E9ED200E-FD34-46EF-9A72-801D553304E2}.Debug|Any CPU.ActiveCfg = Debug|Any CPU
		{E9ED200E-FD34-46EF-9A72-801D553304E2}.Debug|Any CPU.Build.0 = Debug|Any CPU
		{E9ED200E-FD34-46EF-9A72-801D553304E2}.Release|Any CPU.ActiveCfg = Release|Any CPU
		{E9ED200E-FD34-46EF-9A72-801D553304E2}.Release|Any CPU.Build.0 = Release|Any CPU
		{9893BA19-822A-47AB-A1EC-1335AF368BA8}.Debug|Any CPU.ActiveCfg = Debug|Any CPU
		{9893BA19-822A-47AB-A1EC-1335AF368BA8}.Debug|Any CPU.Build.0 = Debug|Any CPU
		{9893BA19-822A-47AB-A1EC-1335AF368BA8}.Release|Any CPU.ActiveCfg = Release|Any CPU
		{9893BA19-822A-47AB-A1EC-1335AF368BA8}.Release|Any CPU.Build.0 = Release|Any CPU
	EndGlobalSection
	GlobalSection(SolutionProperties) = preSolution
		HideSolutionNode = FALSE
	EndGlobalSection
	GlobalSection(ExtensibilityGlobals) = postSolution
		SolutionGuid = {D41AD5BD-C6EB-4EAC-B6D0-E0F549413916}
	EndGlobalSection
EndGlobal
